
Microsoft Visual Studio Solution File, Format Version 12.00
# Visual Studio Version 16
VisualStudioVersion = 16.0.28922.388
MinimumVisualStudioVersion = 10.0.40219.1
Project("{FAE04EC0-301F-11D3-BF4B-00C04F79EFBC}") = "Assembly-CSharp", "Assembly-CSharp.csproj", "{45E16E80-984D-7533-8D93-60438DBB1A01}"
EndProject
Project("{FAE04EC0-301F-11D3-BF4B-00C04F79EFBC}") = "Assembly-CSharp-Editor", "Assembly-CSharp-Editor.csproj", "{7780407F-81FD-F254-6C08-84D3C70FA57F}"
EndProject
Project("{FAE04EC0-301F-11D3-BF4B-00C04F79EFBC}") = "Assembly-CSharp-Tests", "Tests\Assembly-CSharp-Tests\Assembly-CSharp-Tests.csproj", "{96F6F569-4AF0-49C0-8A35-3CE588A82A80}"
EndProject
Global
	GlobalSection(SolutionConfigurationPlatforms) = preSolution
		Debug|Any CPU = Debug|Any CPU
		Release|Any CPU = Release|Any CPU
	EndGlobalSection
	GlobalSection(ProjectConfigurationPlatforms) = postSolution
		{45E16E80-984D-7533-8D93-60438DBB1A01}.Debug|Any CPU.ActiveCfg = Debug|Any CPU
		{45E16E80-984D-7533-8D93-60438DBB1A01}.Debug|Any CPU.Build.0 = Debug|Any CPU
		{45E16E80-984D-7533-8D93-60438DBB1A01}.Release|Any CPU.ActiveCfg = Release|Any CPU
		{45E16E80-984D-7533-8D93-60438DBB1A01}.Release|Any CPU.Build.0 = Release|Any CPU
		{7780407F-81FD-F254-6C08-84D3C70FA57F}.Debug|Any CPU.ActiveCfg = Debug|Any CPU
		{7780407F-81FD-F254-6C08-84D3C70FA57F}.Debug|Any CPU.Build.0 = Debug|Any CPU
		{7780407F-81FD-F254-6C08-84D3C70FA57F}.Release|Any CPU.ActiveCfg = Release|Any CPU
		{7780407F-81FD-F254-6C08-84D3C70FA57F}.Release|Any CPU.Build.0 = Release|Any CPU
		{96F6F569-4AF0-49C0-8A35-3CE588A82A80}.Debug|Any CPU.ActiveCfg = Debug|Any CPU
		{96F6F569-4AF0-49C0-8A35-3CE588A82A80}.Debug|Any CPU.Build.0 = Debug|Any CPU
		{96F6F569-4AF0-49C0-8A35-3CE588A82A80}.Release|Any CPU.ActiveCfg = Release|Any CPU
		{96F6F569-4AF0-49C0-8A35-3CE588A82A80}.Release|Any CPU.Build.0 = Release|Any CPU
	EndGlobalSection
	GlobalSection(SolutionProperties) = preSolution
		HideSolutionNode = FALSE
	EndGlobalSection
	GlobalSection(ExtensibilityGlobals) = postSolution
		SolutionGuid = {469C457E-2697-41ED-8C52-7DBF8C1FC0F3}
	EndGlobalSection
EndGlobal
